
Microsoft Visual Studio Solution File, Format Version 12.00
# Visual Studio Version 16
VisualStudioVersion = 16.0.32929.386
MinimumVisualStudioVersion = 10.0.40219.1
Project("{8BC9CEB8-8B4A-11D0-8D11-00A0C91BC942}") = "C_进阶 01 数据的存储", "C_进阶 01 数据的存储\C_进阶 01 数据的存储.vcxproj", "{F759F592-5EBC-42E4-8BAF-9897CFAE4461}"
EndProject
Project("{8BC9CEB8-8B4A-11D0-8D11-00A0C91BC942}") = "5.16", "作业01\作业01.vcxproj", "{0F5EC4B2-04E7-468A-8E65-E8907EAD7496}"
EndProject
Project("{8BC9CEB8-8B4A-11D0-8D11-00A0C91BC942}") = "C_进阶 02 指针", "C_进阶 02 指针\C_进阶 02 指针.vcxproj", "{0799FBC5-6824-4BF7-AC61-A679D7AB11AC}"
EndProject
Project("{8BC9CEB8-8B4A-11D0-8D11-00A0C91BC942}") = "C_进阶 03 字符串函数", "字符串函数\字符串函数.vcxproj", "{1F449968-817B-4323-B463-E019D350389D}"
EndProject
Project("{8BC9CEB8-8B4A-11D0-8D11-00A0C91BC942}") = "08.09", "作业02 08.09\作业02 08.09.vcxproj", "{67CBED38-2E7F-4055-BAD9-D22D7F479404}"
EndProject
Project("{8BC9CEB8-8B4A-11D0-8D11-00A0C91BC942}") = "C_进阶 04 结构体、枚举、联合体", "结构体、枚举、联合体\结构体、枚举、联合体.vcxproj", "{F9E07BBC-0386-4BB2-904C-4016984849F9}"
EndProject
Project("{8BC9CEB8-8B4A-11D0-8D11-00A0C91BC942}") = "C_进阶 06 文件操作", "文件操作\文件操作.vcxproj", "{A4FB9E9E-41C2-419D-9932-C8B4CEFC44BF}"
EndProject
Project("{8BC9CEB8-8B4A-11D0-8D11-00A0C91BC942}") = "C_进阶 05 动态内存分配", "C_进阶 05 动态内存分配\C_进阶 05 动态内存分配.vcxproj", "{D0860268-CAAE-49D1-8966-5A465F004A9A}"
EndProject
Project("{8BC9CEB8-8B4A-11D0-8D11-00A0C91BC942}") = "8-14", "8-14\8-14.vcxproj", "{10A7703E-8937-4EFE-BB21-D019F7B67776}"
EndProject
Project("{8BC9CEB8-8B4A-11D0-8D11-00A0C91BC942}") = "9-14", "9-14\9-14.vcxproj", "{BA8AA69C-0B6E-4922-8A88-994A2C2179AA}"
EndProject
Project("{8BC9CEB8-8B4A-11D0-8D11-00A0C91BC942}") = "C_进阶 07 程序的编译与链接预处理", "程序的编译与链接预处理\程序的编译与链接预处理.vcxproj", "{B212487D-1018-408B-ACAF-9D4735598CF9}"
EndProject
Project("{8BC9CEB8-8B4A-11D0-8D11-00A0C91BC942}") = "动态开辟的通讯录", "动态开辟的通讯录\动态开辟的通讯录.vcxproj", "{10C02496-9C98-43ED-A7CA-B46F4EDE24DD}"
EndProject
Project("{8BC9CEB8-8B4A-11D0-8D11-00A0C91BC942}") = "通讯录", "通讯录\通讯录.vcxproj", "{85DE6C56-7C9D-4676-80A3-54BBC28964C1}"
EndProject
Project("{8BC9CEB8-8B4A-11D0-8D11-00A0C91BC942}") = "9-27", "作业9-27\作业9-27.vcxproj", "{F4A64593-53AD-4744-9B7D-9B1CBD496030}"
EndProject
Project("{8BC9CEB8-8B4A-11D0-8D11-00A0C91BC942}") = "总结", "总结\总结.vcxproj", "{E6A3227A-8132-49EA-930B-94C2D2BAA9EA}"
EndProject
Project("{8BC9CEB8-8B4A-11D0-8D11-00A0C91BC942}") = "10-14", "10-14\10-14.vcxproj", "{8E1FBCB8-2D70-49B2-8B84-BB9CF2F9FC7C}"
EndProject
Global
	GlobalSection(SolutionConfigurationPlatforms) = preSolution
		Debug|x64 = Debug|x64
		Debug|x86 = Debug|x86
		Release|x64 = Release|x64
		Release|x86 = Release|x86
	EndGlobalSection
	GlobalSection(ProjectConfigurationPlatforms) = postSolution
		{F759F592-5EBC-42E4-8BAF-9897CFAE4461}.Debug|x64.ActiveCfg = Debug|x64
		{F759F592-5EBC-42E4-8BAF-9897CFAE4461}.Debug|x64.Build.0 = Debug|x64
		{F759F592-5EBC-42E4-8BAF-9897CFAE4461}.Debug|x86.ActiveCfg = Debug|Win32
		{F759F592-5EBC-42E4-8BAF-9897CFAE4461}.Debug|x86.Build.0 = Debug|Win32
		{F759F592-5EBC-42E4-8BAF-9897CFAE4461}.Release|x64.ActiveCfg = Release|x64
		{F759F592-5EBC-42E4-8BAF-9897CFAE4461}.Release|x64.Build.0 = Release|x64
		{F759F592-5EBC-42E4-8BAF-9897CFAE4461}.Release|x86.ActiveCfg = Release|Win32
		{F759F592-5EBC-42E4-8BAF-9897CFAE4461}.Release|x86.Build.0 = Release|Win32
		{0F5EC4B2-04E7-468A-8E65-E8907EAD7496}.Debug|x64.ActiveCfg = Debug|x64
		{0F5EC4B2-04E7-468A-8E65-E8907EAD7496}.Debug|x64.Build.0 = Debug|x64
		{0F5EC4B2-04E7-468A-8E65-E8907EAD7496}.Debug|x86.ActiveCfg = Debug|Win32
		{0F5EC4B2-04E7-468A-8E65-E8907EAD7496}.Debug|x86.Build.0 = Debug|Win32
		{0F5EC4B2-04E7-468A-8E65-E8907EAD7496}.Release|x64.ActiveCfg = Release|x64
		{0F5EC4B2-04E7-468A-8E65-E8907EAD7496}.Release|x64.Build.0 = Release|x64
		{0F5EC4B2-04E7-468A-8E65-E8907EAD7496}.Release|x86.ActiveCfg = Release|Win32
		{0F5EC4B2-04E7-468A-8E65-E8907EAD7496}.Release|x86.Build.0 = Release|Win32
		{0799FBC5-6824-4BF7-AC61-A679D7AB11AC}.Debug|x64.ActiveCfg = Debug|x64
		{0799FBC5-6824-4BF7-AC61-A679D7AB11AC}.Debug|x64.Build.0 = Debug|x64
		{0799FBC5-6824-4BF7-AC61-A679D7AB11AC}.Debug|x86.ActiveCfg = Debug|Win32
		{0799FBC5-6824-4BF7-AC61-A679D7AB11AC}.Debug|x86.Build.0 = Debug|Win32
		{0799FBC5-6824-4BF7-AC61-A679D7AB11AC}.Release|x64.ActiveCfg = Release|x64
		{0799FBC5-6824-4BF7-AC61-A679D7AB11AC}.Release|x64.Build.0 = Release|x64
		{0799FBC5-6824-4BF7-AC61-A679D7AB11AC}.Release|x86.ActiveCfg = Release|Win32
		{0799FBC5-6824-4BF7-AC61-A679D7AB11AC}.Release|x86.Build.0 = Release|Win32
		{1F449968-817B-4323-B463-E019D350389D}.Debug|x64.ActiveCfg = Debug|x64
		{1F449968-817B-4323-B463-E019D350389D}.Debug|x64.Build.0 = Debug|x64
		{1F449968-817B-4323-B463-E019D350389D}.Debug|x86.ActiveCfg = Debug|Win32
		{1F449968-817B-4323-B463-E019D350389D}.Debug|x86.Build.0 = Debug|Win32
		{1F449968-817B-4323-B463-E019D350389D}.Release|x64.ActiveCfg = Release|x64
		{1F449968-817B-4323-B463-E019D350389D}.Release|x64.Build.0 = Release|x64
		{1F449968-817B-4323-B463-E019D350389D}.Release|x86.ActiveCfg = Release|Win32
		{1F449968-817B-4323-B463-E019D350389D}.Release|x86.Build.0 = Release|Win32
		{67CBED38-2E7F-4055-BAD9-D22D7F479404}.Debug|x64.ActiveCfg = Debug|x64
		{67CBED38-2E7F-4055-BAD9-D22D7F479404}.Debug|x64.Build.0 = Debug|x64
		{67CBED38-2E7F-4055-BAD9-D22D7F479404}.Debug|x86.ActiveCfg = Debug|Win32
		{67CBED38-2E7F-4055-BAD9-D22D7F479404}.Debug|x86.Build.0 = Debug|Win32
		{67CBED38-2E7F-4055-BAD9-D22D7F479404}.Release|x64.ActiveCfg = Release|x64
		{67CBED38-2E7F-4055-BAD9-D22D7F479404}.Release|x64.Build.0 = Release|x64
		{67CBED38-2E7F-4055-BAD9-D22D7F479404}.Release|x86.ActiveCfg = Release|Win32
		{67CBED38-2E7F-4055-BAD9-D22D7F479404}.Release|x86.Build.0 = Release|Win32
		{F9E07BBC-0386-4BB2-904C-4016984849F9}.Debug|x64.ActiveCfg = Debug|x64
		{F9E07BBC-0386-4BB2-904C-4016984849F9}.Debug|x64.Build.0 = Debug|x64
		{F9E07BBC-0386-4BB2-904C-4016984849F9}.Debug|x86.ActiveCfg = Debug|Win32
		{F9E07BBC-0386-4BB2-904C-4016984849F9}.Debug|x86.Build.0 = Debug|Win32
		{F9E07BBC-0386-4BB2-904C-4016984849F9}.Release|x64.ActiveCfg = Release|x64
		{F9E07BBC-0386-4BB2-904C-4016984849F9}.Release|x64.Build.0 = Release|x64
		{F9E07BBC-0386-4BB2-904C-4016984849F9}.Release|x86.ActiveCfg = Release|Win32
		{F9E07BBC-0386-4BB2-904C-4016984849F9}.Release|x86.Build.0 = Release|Win32
		{A4FB9E9E-41C2-419D-9932-C8B4CEFC44BF}.Debug|x64.ActiveCfg = Debug|x64
		{A4FB9E9E-41C2-419D-9932-C8B4CEFC44BF}.Debug|x64.Build.0 = Debug|x64
		{A4FB9E9E-41C2-419D-9932-C8B4CEFC44BF}.Debug|x86.ActiveCfg = Debug|Win32
		{A4FB9E9E-41C2-419D-9932-C8B4CEFC44BF}.Debug|x86.Build.0 = Debug|Win32
		{A4FB9E9E-41C2-419D-9932-C8B4CEFC44BF}.Release|x64.ActiveCfg = Release|x64
		{A4FB9E9E-41C2-419D-9932-C8B4CEFC44BF}.Release|x64.Build.0 = Release|x64
		{A4FB9E9E-41C2-419D-9932-C8B4CEFC44BF}.Release|x86.ActiveCfg = Release|Win32
		{A4FB9E9E-41C2-419D-9932-C8B4CEFC44BF}.Release|x86.Build.0 = Release|Win32
		{D0860268-CAAE-49D1-8966-5A465F004A9A}.Debug|x64.ActiveCfg = Debug|x64
		{D0860268-CAAE-49D1-8966-5A465F004A9A}.Debug|x64.Build.0 = Debug|x64
		{D0860268-CAAE-49D1-8966-5A465F004A9A}.Debug|x86.ActiveCfg = Debug|Win32
		{D0860268-CAAE-49D1-8966-5A465F004A9A}.Debug|x86.Build.0 = Debug|Win32
		{D0860268-CAAE-49D1-8966-5A465F004A9A}.Release|x64.ActiveCfg = Release|x64
		{D0860268-CAAE-49D1-8966-5A465F004A9A}.Release|x64.Build.0 = Release|x64
		{D0860268-CAAE-49D1-8966-5A465F004A9A}.Release|x86.ActiveCfg = Release|Win32
		{D0860268-CAAE-49D1-8966-5A465F004A9A}.Release|x86.Build.0 = Release|Win32
		{10A7703E-8937-4EFE-BB21-D019F7B67776}.Debug|x64.ActiveCfg = Debug|x64
		{10A7703E-8937-4EFE-BB21-D019F7B67776}.Debug|x64.Build.0 = Debug|x64
		{10A7703E-8937-4EFE-BB21-D019F7B67776}.Debug|x86.ActiveCfg = Debug|Win32
		{10A7703E-8937-4EFE-BB21-D019F7B67776}.Debug|x86.Build.0 = Debug|Win32
		{10A7703E-8937-4EFE-BB21-D019F7B67776}.Release|x64.ActiveCfg = Release|x64
		{10A7703E-8937-4EFE-BB21-D019F7B67776}.Release|x64.Build.0 = Release|x64
		{10A7703E-8937-4EFE-BB21-D019F7B67776}.Release|x86.ActiveCfg = Release|Win32
		{10A7703E-8937-4EFE-BB21-D019F7B67776}.Release|x86.Build.0 = Release|Win32
		{BA8AA69C-0B6E-4922-8A88-994A2C2179AA}.Debug|x64.ActiveCfg = Debug|x64
		{BA8AA69C-0B6E-4922-8A88-994A2C2179AA}.Debug|x64.Build.0 = Debug|x64
		{BA8AA69C-0B6E-4922-8A88-994A2C2179AA}.Debug|x86.ActiveCfg = Debug|Win32
		{BA8AA69C-0B6E-4922-8A88-994A2C2179AA}.Debug|x86.Build.0 = Debug|Win32
		{BA8AA69C-0B6E-4922-8A88-994A2C2179AA}.Release|x64.ActiveCfg = Release|x64
		{BA8AA69C-0B6E-4922-8A88-994A2C2179AA}.Release|x64.Build.0 = Release|x64
		{BA8AA69C-0B6E-4922-8A88-994A2C2179AA}.Release|x86.ActiveCfg = Release|Win32
		{BA8AA69C-0B6E-4922-8A88-994A2C2179AA}.Release|x86.Build.0 = Release|Win32
		{B212487D-1018-408B-ACAF-9D4735598CF9}.Debug|x64.ActiveCfg = Debug|x64
		{B212487D-1018-408B-ACAF-9D4735598CF9}.Debug|x64.Build.0 = Debug|x64
		{B212487D-1018-408B-ACAF-9D4735598CF9}.Debug|x86.ActiveCfg = Debug|Win32
		{B212487D-1018-408B-ACAF-9D4735598CF9}.Debug|x86.Build.0 = Debug|Win32
		{B212487D-1018-408B-ACAF-9D4735598CF9}.Release|x64.ActiveCfg = Release|x64
		{B212487D-1018-408B-ACAF-9D4735598CF9}.Release|x64.Build.0 = Release|x64
		{B212487D-1018-408B-ACAF-9D4735598CF9}.Release|x86.ActiveCfg = Release|Win32
		{B212487D-1018-408B-ACAF-9D4735598CF9}.Release|x86.Build.0 = Release|Win32
		{10C02496-9C98-43ED-A7CA-B46F4EDE24DD}.Debug|x64.ActiveCfg = Debug|x64
		{10C02496-9C98-43ED-A7CA-B46F4EDE24DD}.Debug|x64.Build.0 = Debug|x64
		{10C02496-9C98-43ED-A7CA-B46F4EDE24DD}.Debug|x86.ActiveCfg = Debug|Win32
		{10C02496-9C98-43ED-A7CA-B46F4EDE24DD}.Debug|x86.Build.0 = Debug|Win32
		{10C02496-9C98-43ED-A7CA-B46F4EDE24DD}.Release|x64.ActiveCfg = Release|x64
		{10C02496-9C98-43ED-A7CA-B46F4EDE24DD}.Release|x64.Build.0 = Release|x64
		{10C02496-9C98-43ED-A7CA-B46F4EDE24DD}.Release|x86.ActiveCfg = Release|Win32
		{10C02496-9C98-43ED-A7CA-B46F4EDE24DD}.Release|x86.Build.0 = Release|Win32
		{85DE6C56-7C9D-4676-80A3-54BBC28964C1}.Debug|x64.ActiveCfg = Debug|x64
		{85DE6C56-7C9D-4676-80A3-54BBC28964C1}.Debug|x64.Build.0 = Debug|x64
		{85DE6C56-7C9D-4676-80A3-54BBC28964C1}.Debug|x86.ActiveCfg = Debug|Win32
		{85DE6C56-7C9D-4676-80A3-54BBC28964C1}.Debug|x86.Build.0 = Debug|Win32
		{85DE6C56-7C9D-4676-80A3-54BBC28964C1}.Release|x64.ActiveCfg = Release|x64
		{85DE6C56-7C9D-4676-80A3-54BBC28964C1}.Release|x64.Build.0 = Release|x64
		{85DE6C56-7C9D-4676-80A3-54BBC28964C1}.Release|x86.ActiveCfg = Release|Win32
		{85DE6C56-7C9D-4676-80A3-54BBC28964C1}.Release|x86.Build.0 = Release|Win32
		{F4A64593-53AD-4744-9B7D-9B1CBD496030}.Debug|x64.ActiveCfg = Debug|x64
		{F4A64593-53AD-4744-9B7D-9B1CBD496030}.Debug|x64.Build.0 = Debug|x64
		{F4A64593-53AD-4744-9B7D-9B1CBD496030}.Debug|x86.ActiveCfg = Debug|Win32
		{F4A64593-53AD-4744-9B7D-9B1CBD496030}.Debug|x86.Build.0 = Debug|Win32
		{F4A64593-53AD-4744-9B7D-9B1CBD496030}.Release|x64.ActiveCfg = Release|x64
		{F4A64593-53AD-4744-9B7D-9B1CBD496030}.Release|x64.Build.0 = Release|x64
		{F4A64593-53AD-4744-9B7D-9B1CBD496030}.Release|x86.ActiveCfg = Release|Win32
		{F4A64593-53AD-4744-9B7D-9B1CBD496030}.Release|x86.Build.0 = Release|Win32
		{E6A3227A-8132-49EA-930B-94C2D2BAA9EA}.Debug|x64.ActiveCfg = Debug|x64
		{E6A3227A-8132-49EA-930B-94C2D2BAA9EA}.Debug|x64.Build.0 = Debug|x64
		{E6A3227A-8132-49EA-930B-94C2D2BAA9EA}.Debug|x86.ActiveCfg = Debug|Win32
		{E6A3227A-8132-49EA-930B-94C2D2BAA9EA}.Debug|x86.Build.0 = Debug|Win32
		{E6A3227A-8132-49EA-930B-94C2D2BAA9EA}.Release|x64.ActiveCfg = Release|x64
		{E6A3227A-8132-49EA-930B-94C2D2BAA9EA}.Release|x64.Build.0 = Release|x64
		{E6A3227A-8132-49EA-930B-94C2D2BAA9EA}.Release|x86.ActiveCfg = Release|Win32
		{E6A3227A-8132-49EA-930B-94C2D2BAA9EA}.Release|x86.Build.0 = Release|Win32
		{8E1FBCB8-2D70-49B2-8B84-BB9CF2F9FC7C}.Debug|x64.ActiveCfg = Debug|x64
		{8E1FBCB8-2D70-49B2-8B84-BB9CF2F9FC7C}.Debug|x64.Build.0 = Debug|x64
		{8E1FBCB8-2D70-49B2-8B84-BB9CF2F9FC7C}.Debug|x86.ActiveCfg = Debug|Win32
		{8E1FBCB8-2D70-49B2-8B84-BB9CF2F9FC7C}.Debug|x86.Build.0 = Debug|Win32
		{8E1FBCB8-2D70-49B2-8B84-BB9CF2F9FC7C}.Release|x64.ActiveCfg = Release|x64
		{8E1FBCB8-2D70-49B2-8B84-BB9CF2F9FC7C}.Release|x64.Build.0 = Release|x64
		{8E1FBCB8-2D70-49B2-8B84-BB9CF2F9FC7C}.Release|x86.ActiveCfg = Release|Win32
		{8E1FBCB8-2D70-49B2-8B84-BB9CF2F9FC7C}.Release|x86.Build.0 = Release|Win32
	EndGlobalSection
	GlobalSection(SolutionProperties) = preSolution
		HideSolutionNode = FALSE
	EndGlobalSection
	GlobalSection(ExtensibilityGlobals) = postSolution
		SolutionGuid = {305C8BD4-6F2D-4CE3-8CC9-EAFC40C75E1E}
	EndGlobalSection
EndGlobal
